
Microsoft Visual Studio Solution File, Format Version 12.00
# Visual Studio Version 16
VisualStudioVersion = 16.0.29009.5
MinimumVisualStudioVersion = 10.0.40219.1
Project("{FAE04EC0-301F-11D3-BF4B-00C04F79EFBC}") = "project_S00189972", "project_S00189972\project_S00189972.csproj", "{EED40E5C-4040-465B-8634-34089A38D53F}"
EndProject
Global
	GlobalSection(SolutionConfigurationPlatforms) = preSolution
		Debug|Any CPU = Debug|Any CPU
		Release|Any CPU = Release|Any CPU
	EndGlobalSection
	GlobalSection(ProjectConfigurationPlatforms) = postSolution
		{EED40E5C-4040-465B-8634-34089A38D53F}.Debug|Any CPU.ActiveCfg = Debug|Any CPU
		{EED40E5C-4040-465B-8634-34089A38D53F}.Debug|Any CPU.Build.0 = Debug|Any CPU
		{EED40E5C-4040-465B-8634-34089A38D53F}.Release|Any CPU.ActiveCfg = Release|Any CPU
		{EED40E5C-4040-465B-8634-34089A38D53F}.Release|Any CPU.Build.0 = Release|Any CPU
	EndGlobalSection
	GlobalSection(SolutionProperties) = preSolution
		HideSolutionNode = FALSE
	EndGlobalSection
	GlobalSection(ExtensibilityGlobals) = postSolution
		SolutionGuid = {47CECFD2-D7A7-4D17-84D4-7662AFD7A5EC}
	EndGlobalSection
EndGlobal
